
Microsoft Visual Studio Solution File, Format Version 12.00
# Visual Studio Version 17
VisualStudioVersion = 17.11.35312.102
MinimumVisualStudioVersion = 10.0.40219.1
Project("{FAE04EC0-301F-11D3-BF4B-00C04F79EFBC}") = "01_MainSubjects", "01_MainSubjects\01_MainSubjects.csproj", "{209A6D85-4A75-44F4-8EA4-B4E9387ED45D}"
EndProject
Project("{FAE04EC0-301F-11D3-BF4B-00C04F79EFBC}") = "02_Variables", "02_Variables\02_Variables.csproj", "{D31E30B5-E777-4A43-B2EA-E0CCE41EC546}"
EndProject
Global
	GlobalSection(SolutionConfigurationPlatforms) = preSolution
		Debug|Any CPU = Debug|Any CPU
		Release|Any CPU = Release|Any CPU
	EndGlobalSection
	GlobalSection(ProjectConfigurationPlatforms) = postSolution
		{209A6D85-4A75-44F4-8EA4-B4E9387ED45D}.Debug|Any CPU.ActiveCfg = Debug|Any CPU
		{209A6D85-4A75-44F4-8EA4-B4E9387ED45D}.Debug|Any CPU.Build.0 = Debug|Any CPU
		{209A6D85-4A75-44F4-8EA4-B4E9387ED45D}.Release|Any CPU.ActiveCfg = Release|Any CPU
		{209A6D85-4A75-44F4-8EA4-B4E9387ED45D}.Release|Any CPU.Build.0 = Release|Any CPU
		{D31E30B5-E777-4A43-B2EA-E0CCE41EC546}.Debug|Any CPU.ActiveCfg = Debug|Any CPU
		{D31E30B5-E777-4A43-B2EA-E0CCE41EC546}.Debug|Any CPU.Build.0 = Debug|Any CPU
		{D31E30B5-E777-4A43-B2EA-E0CCE41EC546}.Release|Any CPU.ActiveCfg = Release|Any CPU
		{D31E30B5-E777-4A43-B2EA-E0CCE41EC546}.Release|Any CPU.Build.0 = Release|Any CPU
	EndGlobalSection
	GlobalSection(SolutionProperties) = preSolution
		HideSolutionNode = FALSE
	EndGlobalSection
	GlobalSection(ExtensibilityGlobals) = postSolution
		SolutionGuid = {1EBD912F-71D5-4528-9AAD-B413B9D47E2A}
	EndGlobalSection
EndGlobal
